
Microsoft Visual Studio Solution File, Format Version 12.00
# Visual Studio Version 17
VisualStudioVersion = 17.0.32126.317
MinimumVisualStudioVersion = 10.0.40219.1
Project("{FAE04EC0-301F-11D3-BF4B-00C04F79EFBC}") = "Polymorphism", "Polymorphism\Polymorphism.csproj", "{1680B722-A1BD-4887-ABA3-C8A6966392D5}"
EndProject
Project("{FAE04EC0-301F-11D3-BF4B-00C04F79EFBC}") = "StaticLesson", "StaticLesson\StaticLesson.csproj", "{17B10DA6-7FE1-409F-97F8-FF1C0C6098EC}"
EndProject
Global
	GlobalSection(SolutionConfigurationPlatforms) = preSolution
		Debug|Any CPU = Debug|Any CPU
		Release|Any CPU = Release|Any CPU
	EndGlobalSection
	GlobalSection(ProjectConfigurationPlatforms) = postSolution
		{1680B722-A1BD-4887-ABA3-C8A6966392D5}.Debug|Any CPU.ActiveCfg = Debug|Any CPU
		{1680B722-A1BD-4887-ABA3-C8A6966392D5}.Debug|Any CPU.Build.0 = Debug|Any CPU
		{1680B722-A1BD-4887-ABA3-C8A6966392D5}.Release|Any CPU.ActiveCfg = Release|Any CPU
		{1680B722-A1BD-4887-ABA3-C8A6966392D5}.Release|Any CPU.Build.0 = Release|Any CPU
		{17B10DA6-7FE1-409F-97F8-FF1C0C6098EC}.Debug|Any CPU.ActiveCfg = Debug|Any CPU
		{17B10DA6-7FE1-409F-97F8-FF1C0C6098EC}.Debug|Any CPU.Build.0 = Debug|Any CPU
		{17B10DA6-7FE1-409F-97F8-FF1C0C6098EC}.Release|Any CPU.ActiveCfg = Release|Any CPU
		{17B10DA6-7FE1-409F-97F8-FF1C0C6098EC}.Release|Any CPU.Build.0 = Release|Any CPU
	EndGlobalSection
	GlobalSection(SolutionProperties) = preSolution
		HideSolutionNode = FALSE
	EndGlobalSection
	GlobalSection(ExtensibilityGlobals) = postSolution
		SolutionGuid = {3DFC0EB4-B28F-413A-A46F-A9ECE735DEAD}
	EndGlobalSection
EndGlobal
